// !$*UTF8*$!
{
	archiveVersion = 1;
	classes = {
	};
	objectVersion = 50;
	objects = {

/* Begin PBXBuildFile section */
		D33D5289249F80C200895D25 /* AppDelegate.swift in Sources */ = {isa = PBXBuildFile; fileRef = D33D5288249F80C200895D25 /* AppDelegate.swift */; };
		D33D528B249F80C200895D25 /* SceneDelegate.swift in Sources */ = {isa = PBXBuildFile; fileRef = D33D528A249F80C200895D25 /* SceneDelegate.swift */; };
		D33D528D249F80C200895D25 /* ViewController.swift in Sources */ = {isa = PBXBuildFile; fileRef = D33D528C249F80C200895D25 /* ViewController.swift */; };
		D33D5290249F80C200895D25 /* Main.storyboard in Resources */ = {isa = PBXBuildFile; fileRef = D33D528E249F80C200895D25 /* Main.storyboard */; };
		D33D5292249F80C600895D25 /* Assets.xcassets in Resources */ = {isa = PBXBuildFile; fileRef = D33D5291249F80C600895D25 /* Assets.xcassets */; };
		D33D5295249F80C600895D25 /* LaunchScreen.storyboard in Resources */ = {isa = PBXBuildFile; fileRef = D33D5293249F80C600895D25 /* LaunchScreen.storyboard */; };
		D33D52A0249F80C700895D25 /* ButtonTestTests.swift in Sources */ = {isa = PBXBuildFile; fileRef = D33D529F249F80C700895D25 /* ButtonTestTests.swift */; };
		D33D52AB249F80C700895D25 /* ButtonTestUITests.swift in Sources */ = {isa = PBXBuildFile; fileRef = D33D52AA249F80C700895D25 /* ButtonTestUITests.swift */; };
/* End PBXBuildFile section */

/* Begin PBXContainerItemProxy section */
		D33D529C249F80C700895D25 /* PBXContainerItemProxy */ = {
			isa = PBXContainerItemProxy;
			containerPortal = D33D527D249F80C200895D25 /* Project object */;
			proxyType = 1;
			remoteGlobalIDString = D33D5284249F80C200895D25;
			remoteInfo = ButtonTest;
		};
		D33D52A7249F80C700895D25 /* PBXContainerItemProxy */ = {
			isa = PBXContainerItemProxy;
			containerPortal = D33D527D249F80C200895D25 /* Project object */;
			proxyType = 1;
			remoteGlobalIDString = D33D5284249F80C200895D25;
			remoteInfo = ButtonTest;
		};
/* End PBXContainerItemProxy section */

/* Begin PBXFileReference section */
		D33D5285249F80C200895D25 /* ButtonTest.app */ = {isa = PBXFileReference; explicitFileType = wrapper.application; includeInIndex = 0; path = ButtonTest.app; sourceTree = BUILT_PRODUCTS_DIR; };
		D33D5288249F80C200895D25 /* AppDelegate.swift */ = {isa = PBXFileReference; lastKnownFileType = sourcecode.swift; path = AppDelegate.swift; sourceTree = "<group>"; };
		D33D528A249F80C200895D25 /* SceneDelegate.swift */ = {isa = PBXFileReference; lastKnownFileType = sourcecode.swift; path = SceneDelegate.swift; sourceTree = "<group>"; };
		D33D528C249F80C200895D25 /* ViewController.swift */ = {isa = PBXFileReference; lastKnownFileType = sourcecode.swift; path = ViewController.swift; sourceTree = "<group>"; };
		D33D528F249F80C200895D25 /* Base */ = {isa = PBXFileReference; lastKnownFileType = file.storyboard; name = Base; path = Base.lproj/Main.storyboard; sourceTree = "<group>"; };
		D33D5291249F80C600895D25 /* Assets.xcassets */ = {isa = PBXFileReference; lastKnownFileType = folder.assetcatalog; path = Assets.xcassets; sourceTree = "<group>"; };
		D33D5294249F80C600895D25 /* Base */ = {isa = PBXFileReference; lastKnownFileType = file.storyboard; name = Base; path = Base.lproj/LaunchScreen.storyboard; sourceTree = "<group>"; };
		D33D5296249F80C600895D25 /* Info.plist */ = {isa = PBXFileReference; lastKnownFileType = text.plist.xml; path = Info.plist; sourceTree = "<group>"; };
		D33D529B249F80C700895D25 /* ButtonTestTests.xctest */ = {isa = PBXFileReference; explicitFileType = wrapper.cfbundle; includeInIndex = 0; path = ButtonTestTests.xctest; sourceTree = BUILT_PRODUCTS_DIR; };
		D33D529F249F80C700895D25 /* ButtonTestTests.swift */ = {isa = PBXFileReference; lastKnownFileType = sourcecode.swift; path = ButtonTestTests.swift; sourceTree = "<group>"; };
		D33D52A1249F80C700895D25 /* Info.plist */ = {isa = PBXFileReference; lastKnownFileType = text.plist.xml; path = Info.plist; sourceTree = "<group>"; };
		D33D52A6249F80C700895D25 /* ButtonTestUITests.xctest */ = {isa = PBXFileReference; explicitFileType = wrapper.cfbundle; includeInIndex = 0; path = ButtonTestUITests.xctest; sourceTree = BUILT_PRODUCTS_DIR; };
		D33D52AA249F80C700895D25 /* ButtonTestUITests.swift */ = {isa = PBXFileReference; lastKnownFileType = sourcecode.swift; path = ButtonTestUITests.swift; sourceTree = "<group>"; };
		D33D52AC249F80C700895D25 /* Info.plist */ = {isa = PBXFileReference; lastKnownFileType = text.plist.xml; path = Info.plist; sourceTree = "<group>"; };
/* End PBXFileReference section */

/* Begin PBXFrameworksBuildPhase section */
		D33D5282249F80C200895D25 /* Frameworks */ = {
			isa = PBXFrameworksBuildPhase;
			buildActionMask = 2147483647;
			files = (
			);
			runOnlyForDeploymentPostprocessing = 0;
		};
		D33D5298249F80C700895D25 /* Frameworks */ = {
			isa = PBXFrameworksBuildPhase;
			buildActionMask = 2147483647;
			files = (
			);
			runOnlyForDeploymentPostprocessing = 0;
		};
		D33D52A3249F80C700895D25 /* Frameworks */ = {
			isa = PBXFrameworksBuildPhase;
			buildActionMask = 2147483647;
			files = (
			);
			runOnlyForDeploymentPostprocessing = 0;
		};
/* End PBXFrameworksBuildPhase section */

/* Begin PBXGroup section */
		D33D527C249F80C200895D25 = {
			isa = PBXGroup;
			children = (
				D33D5287249F80C200895D25 /* ButtonTest */,
				D33D529E249F80C700895D25 /* ButtonTestTests */,
				D33D52A9249F80C700895D25 /* ButtonTestUITests */,
				D33D5286249F80C200895D25 /* Products */,
			);
			sourceTree = "<group>";
		};
		D33D5286249F80C200895D25 /* Products */ = {
			isa = PBXGroup;
			children = (
				D33D5285249F80C200895D25 /* ButtonTest.app */,
				D33D529B249F80C700895D25 /* ButtonTestTests.xctest */,
				D33D52A6249F80C700895D25 /* ButtonTestUITests.xctest */,
			);
			name = Products;
			sourceTree = "<group>";
		};
		D33D5287249F80C200895D25 /* ButtonTest */ = {
			isa = PBXGroup;
			children = (
				D33D5288249F80C200895D25 /* AppDelegate.swift */,
				D33D528A249F80C200895D25 /* SceneDelegate.swift */,
				D33D528C249F80C200895D25 /* ViewController.swift */,
				D33D528E249F80C200895D25 /* Main.storyboard */,
				D33D5291249F80C600895D25 /* Assets.xcassets */,
				D33D5293249F80C600895D25 /* LaunchScreen.storyboard */,
				D33D5296249F80C600895D25 /* Info.plist */,
			);
			path = ButtonTest;
			sourceTree = "<group>";
		};
		D33D529E249F80C700895D25 /* ButtonTestTests */ = {
			isa = PBXGroup;
			children = (
				D33D529F249F80C700895D25 /* ButtonTestTests.swift */,
				D33D52A1249F80C700895D25 /* Info.plist */,
			);
			path = ButtonTestTests;
			sourceTree = "<group>";
		};
		D33D52A9249F80C700895D25 /* ButtonTestUITests */ = {
			isa = PBXGroup;
			children = (
				D33D52AA249F80C700895D25 /* ButtonTestUITests.swift */,
				D33D52AC249F80C700895D25 /* Info.plist */,
			);
			path = ButtonTestUITests;
			sourceTree = "<group>";
		};
/* End PBXGroup section */

/* Begin PBXNativeTarget section */
		D33D5284249F80C200895D25 /* ButtonTest */ = {
			isa = PBXNativeTarget;
			buildConfigurationList = D33D52AF249F80C700895D25 /* Build configuration list for PBXNativeTarget "ButtonTest" */;
			buildPhases = (
				D33D5281249F80C200895D25 /* Sources */,
				D33D5282249F80C200895D25 /* Frameworks */,
				D33D5283249F80C200895D25 /* Resources */,
			);
			buildRules = (
			);
			dependencies = (
			);
			name = ButtonTest;
			productName = ButtonTest;
			productReference = D33D5285249F80C200895D25 /* ButtonTest.app */;
			productType = "com.apple.product-type.application";
		};
		D33D529A249F80C700895D25 /* ButtonTestTests */ = {
			isa = PBXNativeTarget;
			buildConfigurationList = D33D52B2249F80C700895D25 /* Build configuration list for PBXNativeTarget "ButtonTestTests" */;
			buildPhases = (
				D33D5297249F80C700895D25 /* Sources */,
				D33D5298249F80C700895D25 /* Frameworks */,
				D33D5299249F80C700895D25 /* Resources */,
			);
			buildRules = (
			);
			dependencies = (
				D33D529D249F80C700895D25 /* PBXTargetDependency */,
			);
			name = ButtonTestTests;
			productName = ButtonTestTests;
			productReference = D33D529B249F80C700895D25 /* ButtonTestTests.xctest */;
			productType = "com.apple.product-type.bundle.unit-test";
		};
		D33D52A5249F80C700895D25 /* ButtonTestUITests */ = {
			isa = PBXNativeTarget;
			buildConfigurationList = D33D52B5249F80C700895D25 /* Build configuration list for PBXNativeTarget "ButtonTestUITests" */;
			buildPhases = (
				D33D52A2249F80C700895D25 /* Sources */,
				D33D52A3249F80C700895D25 /* Frameworks */,
				D33D52A4249F80C700895D25 /* Resources */,
			);
			buildRules = (
			);
			dependencies = (
				D33D52A8249F80C700895D25 /* PBXTargetDependency */,
			);
			name = ButtonTestUITests;
			productName = ButtonTestUITests;
			productReference = D33D52A6249F80C700895D25 /* ButtonTestUITests.xctest */;
			productType = "com.apple.product-type.bundle.ui-testing";
		};
/* End PBXNativeTarget section */

/* Begin PBXProject section */
		D33D527D249F80C200895D25 /* Project object */ = {
			isa = PBXProject;
			attributes = {
				LastSwiftUpdateCheck = 1150;
				LastUpgradeCheck = 1150;
				ORGANIZATIONNAME = "Taisei Hikawa";
				TargetAttributes = {
					D33D5284249F80C200895D25 = {
						CreatedOnToolsVersion = 11.5;
					};
					D33D529A249F80C700895D25 = {
						CreatedOnToolsVersion = 11.5;
						TestTargetID = D33D5284249F80C200895D25;
					};
					D33D52A5249F80C700895D25 = {
						CreatedOnToolsVersion = 11.5;
						TestTargetID = D33D5284249F80C200895D25;
					};
				};
			};
			buildConfigurationList = D33D5280249F80C200895D25 /* Build configuration list for PBXProject "ButtonTest" */;
			compatibilityVersion = "Xcode 9.3";
			developmentRegion = en;
			hasScannedForEncodings = 0;
			knownRegions = (
				en,
				Base,
			);
			mainGroup = D33D527C249F80C200895D25;
			productRefGroup = D33D5286249F80C200895D25 /* Products */;
			projectDirPath = "";
			projectRoot = "";
			targets = (
				D33D5284249F80C200895D25 /* ButtonTest */,
				D33D529A249F80C700895D25 /* ButtonTestTests */,
				D33D52A5249F80C700895D25 /* ButtonTestUITests */,
			);
		};
/* End PBXProject section */

/* Begin PBXResourcesBuildPhase section */
		D33D5283249F80C200895D25 /* Resources */ = {
			isa = PBXResourcesBuildPhase;
			buildActionMask = 2147483647;
			files = (
				D33D5295249F80C600895D25 /* LaunchScreen.storyboard in Resources */,
				D33D5292249F80C600895D25 /* Assets.xcassets in Resources */,
				D33D5290249F80C200895D25 /* Main.storyboard in Resources */,
			);
			runOnlyForDeploymentPostprocessing = 0;
		};
		D33D5299249F80C700895D25 /* Resources */ = {
			isa = PBXResourcesBuildPhase;
			buildActionMask = 2147483647;
			files = (
			);
			runOnlyForDeploymentPostprocessing = 0;
		};
		D33D52A4249F80C700895D25 /* Resources */ = {
			isa = PBXResourcesBuildPhase;
			buildActionMask = 2147483647;
			files = (
			);
			runOnlyForDeploymentPostprocessing = 0;
		};
/* End PBXResourcesBuildPhase section */

/* Begin PBXSourcesBuildPhase section */
		D33D5281249F80C200895D25 /* Sources */ = {
			isa = PBXSourcesBuildPhase;
			buildActionMask = 2147483647;
			files = (
				D33D528D249F80C200895D25 /* ViewController.swift in Sources */,
				D33D5289249F80C200895D25 /* AppDelegate.swift in Sources */,
				D33D528B249F80C200895D25 /* SceneDelegate.swift in Sources */,
			);
			runOnlyForDeploymentPostprocessing = 0;
		};
		D33D5297249F80C700895D25 /* Sources */ = {
			isa = PBXSourcesBuildPhase;
			buildActionMask = 2147483647;
			files = (
				D33D52A0249F80C700895D25 /* ButtonTestTests.swift in Sources */,
			);
			runOnlyForDeploymentPostprocessing = 0;
		};
		D33D52A2249F80C700895D25 /* Sources */ = {
			isa = PBXSourcesBuildPhase;
			buildActionMask = 2147483647;
			files = (
				D33D52AB249F80C700895D25 /* ButtonTestUITests.swift in Sources */,
			);
			runOnlyForDeploymentPostprocessing = 0;
		};
/* End PBXSourcesBuildPhase section */

/* Begin PBXTargetDependency section */
		D33D529D249F80C700895D25 /* PBXTargetDependency */ = {
			isa = PBXTargetDependency;
			target = D33D5284249F80C200895D25 /* ButtonTest */;
			targetProxy = D33D529C249F80C700895D25 /* PBXContainerItemProxy */;
		};
		D33D52A8249F80C700895D25 /* PBXTargetDependency */ = {
			isa = PBXTargetDependency;
			target = D33D5284249F80C200895D25 /* ButtonTest */;
			targetProxy = D33D52A7249F80C700895D25 /* PBXContainerItemProxy */;
		};
/* End PBXTargetDependency section */

/* Begin PBXVariantGroup section */
		D33D528E249F80C200895D25 /* Main.storyboard */ = {
			isa = PBXVariantGroup;
			children = (
				D33D528F249F80C200895D25 /* Base */,
			);
			name = Main.storyboard;
			sourceTree = "<group>";
		};
		D33D5293249F80C600895D25 /* LaunchScreen.storyboard */ = {
			isa = PBXVariantGroup;
			children = (
				D33D5294249F80C600895D25 /* Base */,
			);
			name = LaunchScreen.storyboard;
			sourceTree = "<group>";
		};
/* End PBXVariantGroup section */

/* Begin XCBuildConfiguration section */
		D33D52AD249F80C700895D25 /* Debug */ = {
			isa = XCBuildConfiguration;
			buildSettings = {
				ALWAYS_SEARCH_USER_PATHS = NO;
				CLANG_ANALYZER_NONNULL = YES;
				CLANG_ANALYZER_NUMBER_OBJECT_CONVERSION = YES_AGGRESSIVE;
				CLANG_CXX_LANGUAGE_STANDARD = "gnu++14";
				CLANG_CXX_LIBRARY = "libc++";
				CLANG_ENABLE_MODULES = YES;
				CLANG_ENABLE_OBJC_ARC = YES;
				CLANG_ENABLE_OBJC_WEAK = YES;
				CLANG_WARN_BLOCK_CAPTURE_AUTORELEASING = YES;
				CLANG_WARN_BOOL_CONVERSION = YES;
				CLANG_WARN_COMMA = YES;
				CLANG_WARN_CONSTANT_CONVERSION = YES;
				CLANG_WARN_DEPRECATED_OBJC_IMPLEMENTATIONS = YES;
				CLANG_WARN_DIRECT_OBJC_ISA_USAGE = YES_ERROR;
				CLANG_WARN_DOCUMENTATION_COMMENTS = YES;
				CLANG_WARN_EMPTY_BODY = YES;
				CLANG_WARN_ENUM_CONVERSION = YES;
				CLANG_WARN_INFINITE_RECURSION = YES;
				CLANG_WARN_INT_CONVERSION = YES;
				CLANG_WARN_NON_LITERAL_NULL_CONVERSION = YES;
				CLANG_WARN_OBJC_IMPLICIT_RETAIN_SELF = YES;
				CLANG_WARN_OBJC_LITERAL_CONVERSION = YES;
				CLANG_WARN_OBJC_ROOT_CLASS = YES_ERROR;
				CLANG_WARN_RANGE_LOOP_ANALYSIS = YES;
				CLANG_WARN_STRICT_PROTOTYPES = YES;
				CLANG_WARN_SUSPICIOUS_MOVE = YES;
				CLANG_WARN_UNGUARDED_AVAILABILITY = YES_AGGRESSIVE;
				CLANG_WARN_UNREACHABLE_CODE = YES;
				CLANG_WARN__DUPLICATE_METHOD_MATCH = YES;
				COPY_PHASE_STRIP = NO;
				DEBUG_INFORMATION_FORMAT = dwarf;
				ENABLE_STRICT_OBJC_MSGSEND = YES;
				ENABLE_TESTABILITY = YES;
				GCC_C_LANGUAGE_STANDARD = gnu11;
				GCC_DYNAMIC_NO_PIC = NO;
				GCC_NO_COMMON_BLOCKS = YES;
				GCC_OPTIMIZATION_LEVEL = 0;
				GCC_PREPROCESSOR_DEFINITIONS = (
					"DEBUG=1",
					"$(inherited)",
				);
				GCC_WARN_64_TO_32_BIT_CONVERSION = YES;
				GCC_WARN_ABOUT_RETURN_TYPE = YES_ERROR;
				GCC_WARN_UNDECLARED_SELECTOR = YES;
				GCC_WARN_UNINITIALIZED_AUTOS = YES_AGGRESSIVE;
				GCC_WARN_UNUSED_FUNCTION = YES;
				GCC_WARN_UNUSED_VARIABLE = YES;
				IPHONEOS_DEPLOYMENT_TARGET = 13.5;
				MTL_ENABLE_DEBUG_INFO = INCLUDE_SOURCE;
				MTL_FAST_MATH = YES;
				ONLY_ACTIVE_ARCH = YES;
				SDKROOT = iphoneos;
				SWIFT_ACTIVE_COMPILATION_CONDITIONS = DEBUG;
				SWIFT_OPTIMIZATION_LEVEL = "-Onone";
			};
			name = Debug;
		};
		D33D52AE249F80C700895D25 /* Release */ = {
			isa = XCBuildConfiguration;
			buildSettings = {
				ALWAYS_SEARCH_USER_PATHS = NO;
				CLANG_ANALYZER_NONNULL = YES;
				CLANG_ANALYZER_NUMBER_OBJECT_CONVERSION = YES_AGGRESSIVE;
				CLANG_CXX_LANGUAGE_STANDARD = "gnu++14";
				CLANG_CXX_LIBRARY = "libc++";
				CLANG_ENABLE_MODULES = YES;
				CLANG_ENABLE_OBJC_ARC = YES;
				CLANG_ENABLE_OBJC_WEAK = YES;
				CLANG_WARN_BLOCK_CAPTURE_AUTORELEASING = YES;
				CLANG_WARN_BOOL_CONVERSION = YES;
				CLANG_WARN_COMMA = YES;
				CLANG_WARN_CONSTANT_CONVERSION = YES;
				CLANG_WARN_DEPRECATED_OBJC_IMPLEMENTATIONS = YES;
				CLANG_WARN_DIRECT_OBJC_ISA_USAGE = YES_ERROR;
				CLANG_WARN_DOCUMENTATION_COMMENTS = YES;
				CLANG_WARN_EMPTY_BODY = YES;
				CLANG_WARN_ENUM_CONVERSION = YES;
				CLANG_WARN_INFINITE_RECURSION = YES;
				CLANG_WARN_INT_CONVERSION = YES;
				CLANG_WARN_NON_LITERAL_NULL_CONVERSION = YES;
				CLANG_WARN_OBJC_IMPLICIT_RETAIN_SELF = YES;
				CLANG_WARN_OBJC_LITERAL_CONVERSION = YES;
				CLANG_WARN_OBJC_ROOT_CLASS = YES_ERROR;
				CLANG_WARN_RANGE_LOOP_ANALYSIS = YES;
				CLANG_WARN_STRICT_PROTOTYPES = YES;
				CLANG_WARN_SUSPICIOUS_MOVE = YES;
				CLANG_WARN_UNGUARDED_AVAILABILITY = YES_AGGRESSIVE;
				CLANG_WARN_UNREACHABLE_CODE = YES;
				CLANG_WARN__DUPLICATE_METHOD_MATCH = YES;
				COPY_PHASE_STRIP = NO;
				DEBUG_INFORMATION_FORMAT = "dwarf-with-dsym";
				ENABLE_NS_ASSERTIONS = NO;
				ENABLE_STRICT_OBJC_MSGSEND = YES;
				GCC_C_LANGUAGE_STANDARD = gnu11;
				GCC_NO_COMMON_BLOCKS = YES;
				GCC_WARN_64_TO_32_BIT_CONVERSION = YES;
				GCC_WARN_ABOUT_RETURN_TYPE = YES_ERROR;
				GCC_WARN_UNDECLARED_SELECTOR = YES;
				GCC_WARN_UNINITIALIZED_AUTOS = YES_AGGRESSIVE;
				GCC_WARN_UNUSED_FUNCTION = YES;
				GCC_WARN_UNUSED_VARIABLE = YES;
				IPHONEOS_DEPLOYMENT_TARGET = 13.5;
				MTL_ENABLE_DEBUG_INFO = NO;
				MTL_FAST_MATH = YES;
				SDKROOT = iphoneos;
				SWIFT_COMPILATION_MODE = wholemodule;
				SWIFT_OPTIMIZATION_LEVEL = "-O";
				VALIDATE_PRODUCT = YES;
			};
			name = Release;
		};
		D33D52B0249F80C700895D25 /* Debug */ = {
			isa = XCBuildConfiguration;
			buildSettings = {
				ASSETCATALOG_COMPILER_APPICON_NAME = AppIcon;
				CODE_SIGN_STYLE = Automatic;
				INFOPLIST_FILE = ButtonTest/Info.plist;
				LD_RUNPATH_SEARCH_PATHS = (
					"$(inherited)",
					"@executable_path/Frameworks",
				);
				PRODUCT_BUNDLE_IDENTIFIER = com.hikawaproj.ButtonTest;
				PRODUCT_NAME = "$(TARGET_NAME)";
				SWIFT_VERSION = 5.0;
				TARGETED_DEVICE_FAMILY = "1,2";
			};
			name = Debug;
		};
		D33D52B1249F80C700895D25 /* Release */ = {
			isa = XCBuildConfiguration;
			buildSettings = {
				ASSETCATALOG_COMPILER_APPICON_NAME = AppIcon;
				CODE_SIGN_STYLE = Automatic;
				INFOPLIST_FILE = ButtonTest/Info.plist;
				LD_RUNPATH_SEARCH_PATHS = (
					"$(inherited)",
					"@executable_path/Frameworks",
				);
				PRODUCT_BUNDLE_IDENTIFIER = com.hikawaproj.ButtonTest;
				PRODUCT_NAME = "$(TARGET_NAME)";
				SWIFT_VERSION = 5.0;
				TARGETED_DEVICE_FAMILY = "1,2";
			};
			name = Release;
		};
		D33D52B3249F80C700895D25 /* Debug */ = {
			isa = XCBuildConfiguration;
			buildSettings = {
				ALWAYS_EMBED_SWIFT_STANDARD_LIBRARIES = YES;
				BUNDLE_LOADER = "$(TEST_HOST)";
				CODE_SIGN_STYLE = Automatic;
				INFOPLIST_FILE = ButtonTestTests/Info.plist;
				IPHONEOS_DEPLOYMENT_TARGET = 13.5;
				LD_RUNPATH_SEARCH_PATHS = (
					"$(inherited)",
					"@executable_path/Frameworks",
					"@loader_path/Frameworks",
				);
				PRODUCT_BUNDLE_IDENTIFIER = com.hikawaproj.ButtonTestTests;
				PRODUCT_NAME = "$(TARGET_NAME)";
				SWIFT_VERSION = 5.0;
				TARGETED_DEVICE_FAMILY = "1,2";
				TEST_HOST = "$(BUILT_PRODUCTS_DIR)/ButtonTest.app/ButtonTest";
			};
			name = Debug;
		};
		D33D52B4249F80C700895D25 /* Release */ = {
			isa = XCBuildConfiguration;
			buildSettings = {
				ALWAYS_EMBED_SWIFT_STANDARD_LIBRARIES = YES;
				BUNDLE_LOADER = "$(TEST_HOST)";
				CODE_SIGN_STYLE = Automatic;
				INFOPLIST_FILE = ButtonTestTests/Info.plist;
				IPHONEOS_DEPLOYMENT_TARGET = 13.5;
				LD_RUNPATH_SEARCH_PATHS = (
					"$(inherited)",
					"@executable_path/Frameworks",
					"@loader_path/Frameworks",
				);
				PRODUCT_BUNDLE_IDENTIFIER = com.hikawaproj.ButtonTestTests;
				PRODUCT_NAME = "$(TARGET_NAME)";
				SWIFT_VERSION = 5.0;
				TARGETED_DEVICE_FAMILY = "1,2";
				TEST_HOST = "$(BUILT_PRODUCTS_DIR)/ButtonTest.app/ButtonTest";
			};
			name = Release;
		};
		D33D52B6249F80C700895D25 /* Debug */ = {
			isa = XCBuildConfiguration;
			buildSettings = {
				ALWAYS_EMBED_SWIFT_STANDARD_LIBRARIES = YES;
				CODE_SIGN_STYLE = Automatic;
				INFOPLIST_FILE = ButtonTestUITests/Info.plist;
				LD_RUNPATH_SEARCH_PATHS = (
					"$(inherited)",
					"@executable_path/Frameworks",
					"@loader_path/Frameworks",
				);
				PRODUCT_BUNDLE_IDENTIFIER = com.hikawaproj.ButtonTestUITests;
				PRODUCT_NAME = "$(TARGET_NAME)";
				SWIFT_VERSION = 5.0;
				TARGETED_DEVICE_FAMILY = "1,2";
				TEST_TARGET_NAME = ButtonTest;
			};
			name = Debug;
		};
		D33D52B7249F80C700895D25 /* Release */ = {
			isa = XCBuildConfiguration;
			buildSettings = {
				ALWAYS_EMBED_SWIFT_STANDARD_LIBRARIES = YES;
				CODE_SIGN_STYLE = Automatic;
				INFOPLIST_FILE = ButtonTestUITests/Info.plist;
				LD_RUNPATH_SEARCH_PATHS = (
					"$(inherited)",
					"@executable_path/Frameworks",
					"@loader_path/Frameworks",
				);
				PRODUCT_BUNDLE_IDENTIFIER = com.hikawaproj.ButtonTestUITests;
				PRODUCT_NAME = "$(TARGET_NAME)";
				SWIFT_VERSION = 5.0;
				TARGETED_DEVICE_FAMILY = "1,2";
				TEST_TARGET_NAME = ButtonTest;
			};
			name = Release;
		};
/* End XCBuildConfiguration section */

/* Begin XCConfigurationList section */
		D33D5280249F80C200895D25 /* Build configuration list for PBXProject "ButtonTest" */ = {
			isa = XCConfigurationList;
			buildConfigurations = (
				D33D52AD249F80C700895D25 /* Debug */,
				D33D52AE249F80C700895D25 /* Release */,
			);
			defaultConfigurationIsVisible = 0;
			defaultConfigurationName = Release;
		};
		D33D52AF249F80C700895D25 /* Build configuration list for PBXNativeTarget "ButtonTest" */ = {
			isa = XCConfigurationList;
			buildConfigurations = (
				D33D52B0249F80C700895D25 /* Debug */,
				D33D52B1249F80C700895D25 /* Release */,
			);
			defaultConfigurationIsVisible = 0;
			defaultConfigurationName = Release;
		};
		D33D52B2249F80C700895D25 /* Build configuration list for PBXNativeTarget "ButtonTestTests" */ = {
			isa = XCConfigurationList;
			buildConfigurations = (
				D33D52B3249F80C700895D25 /* Debug */,
				D33D52B4249F80C700895D25 /* Release */,
			);
			defaultConfigurationIsVisible = 0;
			defaultConfigurationName = Release;
		};
		D33D52B5249F80C700895D25 /* Build configuration list for PBXNativeTarget "ButtonTestUITests" */ = {
			isa = XCConfigurationList;
			buildConfigurations = (
				D33D52B6249F80C700895D25 /* Debug */,
				D33D52B7249F80C700895D25 /* Release */,
			);
			defaultConfigurationIsVisible = 0;
			defaultConfigurationName = Release;
		};
/* End XCConfigurationList section */
	};
	rootObject = D33D527D249F80C200895D25 /* Project object */;
}
